<?xml version="1.0" encoding="utf-8"?>
<Project ToolsVersion="4.0" xmlns="http://schemas.microsoft.com/developer/msbuild/2003">
  <ItemGroup>
    <Filter Include="Source Files">
      <UniqueIdentifier>{4FC737F1-C7A5-4376-A066-2A32D752A2FF}</UniqueIdentifier>
      <Extensions>cpp;c;cc;cxx;def;odl;idl;hpj;bat;asm;asmx</Extensions>
    </Filter>
    <Filter Include="Header Files">
      <UniqueIdentifier>{93995380-89BD-4b04-88EB-625FBE52EBFB}</UniqueIdentifier>
      <Extensions>h;hpp;hxx;hm;inl;inc;xsd</Extensions>
    </Filter>
    <Filter Include="Resource Files">
      <UniqueIdentifier>{67DA6AB6-F800-4c08-8B7A-83BB121AAD01}</UniqueIdentifier>
      <Extensions>rc;ico;cur;bmp;dlg;rc2;rct;bin;rgs;gif;jpg;jpeg;jpe;resx;tiff;tif;png;wav;mfcribbon-ms</Extensions>
    </Filter>
  </ItemGroup>
  <ItemGroup>
    <None Include="ReadMe.txt" />
    <None Include="small.ico">
      <Filter>Resource Files</Filter>
    </None>
    <None Include="simpleWindow.ico">
      <Filter>Resource Files</Filter>
    </None>
  </ItemGroup>
  <ItemGroup>
    <ClInclude Include="stdafx.h">
      <Filter>Header Files</Filter>
    </ClInclude>
    <ClInclude Include="targetver.h">
      <Filter>Header Files</Filter>
    </ClInclude>
    <ClInclude Include="Resource.h">
      <Filter>Header Files</Filter>
    </ClInclude>
    <ClInclude Include="simpleWindow.h">
      <Filter>Header Files</Filter>
    </ClInclude>
    <ClInclude Include="borrowmovie.h">
      <Filter>Header Files</Filter>
    </ClInclude>
    <ClInclude Include="classic.h">
      <Filter>Header Files</Filter>
    </ClInclude>
    <ClInclude Include="comedy.h">
      <Filter>Header Files</Filter>
    </ClInclude>
    <ClInclude Include="customer.h">
      <Filter>Header Files</Filter>
    </ClInclude>
    <ClInclude Include="custtable.h">
      <Filter>Header Files</Filter>
    </ClInclude>
    <ClInclude Include="drama.h">
      <Filter>Header Files</Filter>
    </ClInclude>
    <ClInclude Include="dvd.h">
      <Filter>Header Files</Filter>
    </ClInclude>
    <ClInclude Include="dvdfactory.h">
      <Filter>Header Files</Filter>
    </ClInclude>
    <ClInclude Include="formats.h">
      <Filter>Header Files</Filter>
    </ClInclude>
    <ClInclude Include="genres.h">
      <Filter>Header Files</Filter>
    </ClInclude>
    <ClInclude Include="history.h">
      <Filter>Header Files</Filter>
    </ClInclude>
    <ClInclude Include="movie.h">
      <Filter>Header Files</Filter>
    </ClInclude>
    <ClInclude Include="moviefactory.h">
      <Filter>Header Files</Filter>
    </ClInclude>
    <ClInclude Include="moviestore.h">
      <Filter>Header Files</Filter>
    </ClInclude>
    <ClInclude Include="returnmovie.h">
      <Filter>Header Files</Filter>
    </ClInclude>
    <ClInclude Include="transaction.h">
      <Filter>Header Files</Filter>
    </ClInclude>
    <ClInclude Include="transfactory.h">
      <Filter>Header Files</Filter>
    </ClInclude>
  </ItemGroup>
  <ItemGroup>
    <ClCompile Include="stdafx.cpp">
      <Filter>Source Files</Filter>
    </ClCompile>
    <ClCompile Include="simpleWindow.cpp">
      <Filter>Source Files</Filter>
    </ClCompile>
    <ClCompile Include="borrowmovie.cpp">
      <Filter>Source Files</Filter>
    </ClCompile>
    <ClCompile Include="classic.cpp">
      <Filter>Source Files</Filter>
    </ClCompile>
    <ClCompile Include="comedy.cpp">
      <Filter>Source Files</Filter>
    </ClCompile>
    <ClCompile Include="customer.cpp">
      <Filter>Source Files</Filter>
    </ClCompile>
    <ClCompile Include="custtable.cpp">
      <Filter>Source Files</Filter>
    </ClCompile>
    <ClCompile Include="drama.cpp">
      <Filter>Source Files</Filter>
    </ClCompile>
    <ClCompile Include="dvd.cpp">
      <Filter>Source Files</Filter>
    </ClCompile>
    <ClCompile Include="dvdfactory.cpp">
      <Filter>Source Files</Filter>
    </ClCompile>
    <ClCompile Include="formats.cpp">
      <Filter>Source Files</Filter>
    </ClCompile>
    <ClCompile Include="genres.cpp">
      <Filter>Source Files</Filter>
    </ClCompile>
    <ClCompile Include="history.cpp">
      <Filter>Source Files</Filter>
    </ClCompile>
    <ClCompile Include="movie.cpp">
      <Filter>Source Files</Filter>
    </ClCompile>
    <ClCompile Include="moviefactory.cpp">
      <Filter>Source Files</Filter>
    </ClCompile>
    <ClCompile Include="moviestore.cpp">
      <Filter>Source Files</Filter>
    </ClCompile>
    <ClCompile Include="returnmovie.cpp">
      <Filter>Source Files</Filter>
    </ClCompile>
    <ClCompile Include="transaction.cpp">
      <Filter>Source Files</Filter>
    </ClCompile>
    <ClCompile Include="transfactory.cpp">
      <Filter>Source Files</Filter>
    </ClCompile>
  </ItemGroup>
  <ItemGroup>
    <ResourceCompile Include="simpleWindow.rc">
      <Filter>Resource Files</Filter>
    </ResourceCompile>
  </ItemGroup>
</Project>